
Microsoft Visual Studio Solution File, Format Version 12.00
# Visual Studio Version 17
VisualStudioVersion = 17.9.34616.47
MinimumVisualStudioVersion = 10.0.40219.1
Project("{FAE04EC0-301F-11D3-BF4B-00C04F79EFBC}") = "JumpStartCS.Orleans.Client", "JumpStartCS.Orleans.Client\JumpStartCS.Orleans.Client.csproj", "{AD3B2769-307A-4671-8E02-8B992774AC1C}"
EndProject
Project("{FAE04EC0-301F-11D3-BF4B-00C04F79EFBC}") = "JumpStartCS.Orleans.Silo", "JumpStartCS.Orleans.Silo\JumpStartCS.Orleans.Silo.csproj", "{2DA0034F-44AD-442D-8A63-9AF9049AEB77}"
EndProject
Project("{FAE04EC0-301F-11D3-BF4B-00C04F79EFBC}") = "JumpStartCS.Orleans.Grains", "JumpStartCS.Orleans.Grains\JumpStartCS.Orleans.Grains.csproj", "{197E49F3-5310-42F2-A412-8EC3D5094709}"
EndProject
Global
	GlobalSection(SolutionConfigurationPlatforms) = preSolution
		Debug|Any CPU = Debug|Any CPU
		Release|Any CPU = Release|Any CPU
	EndGlobalSection
	GlobalSection(ProjectConfigurationPlatforms) = postSolution
		{AD3B2769-307A-4671-8E02-8B992774AC1C}.Debug|Any CPU.ActiveCfg = Debug|Any CPU
		{AD3B2769-307A-4671-8E02-8B992774AC1C}.Debug|Any CPU.Build.0 = Debug|Any CPU
		{AD3B2769-307A-4671-8E02-8B992774AC1C}.Release|Any CPU.ActiveCfg = Release|Any CPU
		{AD3B2769-307A-4671-8E02-8B992774AC1C}.Release|Any CPU.Build.0 = Release|Any CPU
		{2DA0034F-44AD-442D-8A63-9AF9049AEB77}.Debug|Any CPU.ActiveCfg = Debug|Any CPU
		{2DA0034F-44AD-442D-8A63-9AF9049AEB77}.Debug|Any CPU.Build.0 = Debug|Any CPU
		{2DA0034F-44AD-442D-8A63-9AF9049AEB77}.Release|Any CPU.ActiveCfg = Release|Any CPU
		{2DA0034F-44AD-442D-8A63-9AF9049AEB77}.Release|Any CPU.Build.0 = Release|Any CPU
		{197E49F3-5310-42F2-A412-8EC3D5094709}.Debug|Any CPU.ActiveCfg = Debug|Any CPU
		{197E49F3-5310-42F2-A412-8EC3D5094709}.Debug|Any CPU.Build.0 = Debug|Any CPU
		{197E49F3-5310-42F2-A412-8EC3D5094709}.Release|Any CPU.ActiveCfg = Release|Any CPU
		{197E49F3-5310-42F2-A412-8EC3D5094709}.Release|Any CPU.Build.0 = Release|Any CPU
	EndGlobalSection
	GlobalSection(SolutionProperties) = preSolution
		HideSolutionNode = FALSE
	EndGlobalSection
	GlobalSection(ExtensibilityGlobals) = postSolution
		SolutionGuid = {10365DA7-B997-46B2-AEA7-EA9E2EED7FF2}
	EndGlobalSection
EndGlobal
